#MicroXplorer Configuration settings - do not modify
ADC1.Channel-0\#ChannelRegularConversion=ADC_CHANNEL_0
ADC1.Channel-1\#ChannelRegularConversion=ADC_CHANNEL_1
ADC1.Channel-2\#ChannelRegularConversion=ADC_CHANNEL_TEMPSENSOR
ADC1.Channel-3\#ChannelRegularConversion=ADC_CHANNEL_VREFINT
ADC1.ContinuousConvMode=ENABLE
ADC1.IPParameters=Rank-0\#ChannelRegularConversion,Channel-0\#ChannelRegularConversion,SamplingTime-0\#ChannelRegularConversion,NbrOfConversionFlag,master,ContinuousConvMode,Rank-1\#ChannelRegularConversion,Channel-1\#ChannelRegularConversion,SamplingTime-1\#ChannelRegularConversion,Rank-2\#ChannelRegularConversion,Channel-2\#ChannelRegularConversion,SamplingTime-2\#ChannelRegularConversion,Rank-3\#ChannelRegularConversion,Channel-3\#ChannelRegularConversion,SamplingTime-3\#ChannelRegularConversion,NbrOfConversion
ADC1.NbrOfConversion=4
ADC1.NbrOfConversionFlag=1
ADC1.Rank-0\#ChannelRegularConversion=1
ADC1.Rank-1\#ChannelRegularConversion=2
ADC1.Rank-2\#ChannelRegularConversion=3
ADC1.Rank-3\#ChannelRegularConversion=4
ADC1.SamplingTime-0\#ChannelRegularConversion=ADC_SAMPLETIME_239CYCLES_5
ADC1.SamplingTime-1\#ChannelRegularConversion=ADC_SAMPLETIME_239CYCLES_5
ADC1.SamplingTime-2\#ChannelRegularConversion=ADC_SAMPLETIME_239CYCLES_5
ADC1.SamplingTime-3\#ChannelRegularConversion=ADC_SAMPLETIME_239CYCLES_5
ADC1.master=1
DAC.DAC_Trigger=DAC_TRIGGER_T6_TRGO
DAC.DAC_Trigger2=DAC_TRIGGER_T6_TRGO
DAC.IPParameters=DAC_Trigger,DAC_Trigger2
Dma.ADC1.0.Direction=DMA_PERIPH_TO_MEMORY
Dma.ADC1.0.Instance=DMA1_Channel1
Dma.ADC1.0.MemDataAlignment=DMA_MDATAALIGN_WORD
Dma.ADC1.0.MemInc=DMA_MINC_ENABLE
Dma.ADC1.0.Mode=DMA_CIRCULAR
Dma.ADC1.0.PeriphDataAlignment=DMA_PDATAALIGN_WORD
Dma.ADC1.0.PeriphInc=DMA_PINC_DISABLE
Dma.ADC1.0.Priority=DMA_PRIORITY_LOW
Dma.ADC1.0.RequestParameters=Instance,Direction,PeriphInc,MemInc,PeriphDataAlignment,MemDataAlignment,Mode,Priority
Dma.DAC_CH1.1.Direction=DMA_MEMORY_TO_PERIPH
Dma.DAC_CH1.1.Instance=DMA2_Channel3
Dma.DAC_CH1.1.MemDataAlignment=DMA_MDATAALIGN_WORD
Dma.DAC_CH1.1.MemInc=DMA_MINC_ENABLE
Dma.DAC_CH1.1.Mode=DMA_CIRCULAR
Dma.DAC_CH1.1.PeriphDataAlignment=DMA_PDATAALIGN_WORD
Dma.DAC_CH1.1.PeriphInc=DMA_PINC_DISABLE
Dma.DAC_CH1.1.Priority=DMA_PRIORITY_LOW
Dma.DAC_CH1.1.RequestParameters=Instance,Direction,PeriphInc,MemInc,PeriphDataAlignment,MemDataAlignment,Mode,Priority
Dma.DAC_CH2.2.Direction=DMA_MEMORY_TO_PERIPH
Dma.DAC_CH2.2.Instance=DMA2_Channel4
Dma.DAC_CH2.2.MemDataAlignment=DMA_MDATAALIGN_WORD
Dma.DAC_CH2.2.MemInc=DMA_MINC_ENABLE
Dma.DAC_CH2.2.Mode=DMA_CIRCULAR
Dma.DAC_CH2.2.PeriphDataAlignment=DMA_PDATAALIGN_WORD
Dma.DAC_CH2.2.PeriphInc=DMA_PINC_DISABLE
Dma.DAC_CH2.2.Priority=DMA_PRIORITY_LOW
Dma.DAC_CH2.2.RequestParameters=Instance,Direction,PeriphInc,MemInc,PeriphDataAlignment,MemDataAlignment,Mode,Priority
Dma.Request0=ADC1
Dma.Request1=DAC_CH1
Dma.Request2=DAC_CH2
Dma.RequestsNb=3
File.Version=6
GPIO.groupedBy=Group By Peripherals
KeepUserPlacement=false
Mcu.CPN=STM32F103RCT6
Mcu.Family=STM32F1
Mcu.IP0=ADC1
Mcu.IP1=DAC
Mcu.IP10=TIM6
Mcu.IP11=UART4
Mcu.IP12=UART5
Mcu.IP2=DMA
Mcu.IP3=I2C1
Mcu.IP4=NVIC
Mcu.IP5=RCC
Mcu.IP6=RTC
Mcu.IP7=SPI2
Mcu.IP8=SYS
Mcu.IP9=TIM2
Mcu.IPNb=13
Mcu.Name=STM32F103R(C-D-E)Tx
Mcu.Package=LQFP64
Mcu.Pin0=PD0-OSC_IN
Mcu.Pin1=PD1-OSC_OUT
Mcu.Pin10=PB13
Mcu.Pin11=PB14
Mcu.Pin12=PB15
Mcu.Pin13=PA13
Mcu.Pin14=PA14
Mcu.Pin15=PA15
Mcu.Pin16=PC10
Mcu.Pin17=PC11
Mcu.Pin18=PC12
Mcu.Pin19=PD2
Mcu.Pin2=PC2
Mcu.Pin20=PB3
Mcu.Pin21=PB6
Mcu.Pin22=PB7
Mcu.Pin23=VP_ADC1_TempSens_Input
Mcu.Pin24=VP_ADC1_Vref_Input
Mcu.Pin25=VP_RTC_VS_RTC_Activate
Mcu.Pin26=VP_RTC_VS_RTC_Calendar
Mcu.Pin27=VP_SYS_VS_Systick
Mcu.Pin28=VP_TIM2_VS_ClockSourceINT
Mcu.Pin29=VP_TIM2_VS_no_output1
Mcu.Pin3=PA0-WKUP
Mcu.Pin30=VP_TIM2_VS_OPM
Mcu.Pin31=VP_TIM6_VS_ClockSourceINT
Mcu.Pin4=PA1
Mcu.Pin5=PA2
Mcu.Pin6=PA4
Mcu.Pin7=PA5
Mcu.Pin8=PB11
Mcu.Pin9=PB12
Mcu.PinsNb=32
Mcu.ThirdPartyNb=0
Mcu.UserConstants=
Mcu.UserName=STM32F103RCTx
MxCube.Version=6.6.0
MxDb.Version=DB.6.0.60
NVIC.BusFault_IRQn=true\:0\:0\:false\:false\:true\:false\:false\:false
NVIC.DMA1_Channel1_IRQn=true\:0\:0\:false\:false\:true\:false\:true\:true
NVIC.DMA2_Channel3_IRQn=true\:0\:0\:false\:false\:true\:false\:true\:true
NVIC.DMA2_Channel4_5_IRQn=true\:0\:0\:false\:false\:true\:false\:true\:true
NVIC.DebugMonitor_IRQn=true\:0\:0\:false\:false\:true\:false\:false\:false
NVIC.ForceEnableDMAVector=true
NVIC.HardFault_IRQn=true\:0\:0\:false\:false\:true\:false\:false\:false
NVIC.MemoryManagement_IRQn=true\:0\:0\:false\:false\:true\:false\:false\:false
NVIC.NonMaskableInt_IRQn=true\:0\:0\:false\:false\:true\:false\:true\:false
NVIC.PendSV_IRQn=true\:0\:0\:false\:false\:true\:false\:false\:false
NVIC.PriorityGroup=NVIC_PRIORITYGROUP_4
NVIC.SVCall_IRQn=true\:0\:0\:false\:false\:true\:false\:false\:false
NVIC.SysTick_IRQn=true\:0\:0\:false\:false\:true\:false\:true\:false
NVIC.TIM2_IRQn=true\:0\:0\:false\:false\:true\:true\:true\:true
NVIC.UART4_IRQn=true\:0\:0\:false\:false\:true\:true\:true\:true
NVIC.UART5_IRQn=true\:0\:0\:true\:false\:true\:true\:true\:true
NVIC.UsageFault_IRQn=true\:0\:0\:false\:false\:true\:false\:false\:false
PA0-WKUP.Signal=ADCx_IN0
PA1.Locked=true
PA1.Signal=ADCx_IN1
PA13.Mode=Trace_Asynchronous_SW
PA13.Signal=SYS_JTMS-SWDIO
PA14.Mode=Trace_Asynchronous_SW
PA14.Signal=SYS_JTCK-SWCLK
PA15.GPIOParameters=PinState,GPIO_Label
PA15.GPIO_Label=RST_WIFI
PA15.Locked=true
PA15.PinState=GPIO_PIN_SET
PA15.Signal=GPIO_Output
PA2.GPIOParameters=GPIO_Label
PA2.GPIO_Label=DEBUG_OSC1
PA2.Locked=true
PA2.Signal=GPIO_Output
PA4.Signal=COMP_DAC1_group
PA5.Signal=COMP_DAC2_group
PB11.GPIOParameters=GPIO_Speed,GPIO_Label
PB11.GPIO_Label=LED
PB11.GPIO_Speed=GPIO_SPEED_FREQ_LOW
PB11.Locked=true
PB11.Signal=GPIO_Output
PB12.GPIOParameters=GPIO_Speed,GPIO_Label
PB12.GPIO_Label=SPI2_NSS
PB12.GPIO_Speed=GPIO_SPEED_FREQ_HIGH
PB12.Locked=true
PB12.Signal=GPIO_Output
PB13.Mode=Full_Duplex_Master
PB13.Signal=SPI2_SCK
PB14.Mode=Full_Duplex_Master
PB14.Signal=SPI2_MISO
PB15.Mode=Full_Duplex_Master
PB15.Signal=SPI2_MOSI
PB3.Mode=Trace_Asynchronous_SW
PB3.Signal=SYS_JTDO-TRACESWO
PB6.GPIOParameters=GPIO_Pu
PB6.GPIO_Pu=GPIO_PULLUP
PB6.Mode=I2C
PB6.Signal=I2C1_SCL
PB7.GPIOParameters=GPIO_Pu
PB7.GPIO_Pu=GPIO_PULLUP
PB7.Mode=I2C
PB7.Signal=I2C1_SDA
PC10.Mode=Asynchronous
PC10.Signal=UART4_TX
PC11.Mode=Asynchronous
PC11.Signal=UART4_RX
PC12.Mode=Asynchronous
PC12.Signal=UART5_TX
PC2.GPIOParameters=GPIO_Label
PC2.GPIO_Label=DEBUG_OSC2
PC2.Locked=true
PC2.Signal=GPIO_Output
PD0-OSC_IN.Mode=HSE-External-Oscillator
PD0-OSC_IN.Signal=RCC_OSC_IN
PD1-OSC_OUT.Mode=HSE-External-Oscillator
PD1-OSC_OUT.Signal=RCC_OSC_OUT
PD2.Mode=Asynchronous
PD2.Signal=UART5_RX
PinOutPanel.RotationAngle=0
ProjectManager.AskForMigrate=true
ProjectManager.BackupPrevious=false
ProjectManager.CompilerOptimize=6
ProjectManager.ComputerToolchain=false
ProjectManager.CoupleFile=false
ProjectManager.CustomerFirmwarePackage=
ProjectManager.DefaultFWLocation=true
ProjectManager.DeletePrevious=true
ProjectManager.DeviceId=STM32F103RCTx
ProjectManager.FirmwarePackage=STM32Cube FW_F1 V1.8.4
ProjectManager.FreePins=false
ProjectManager.HalAssertFull=false
ProjectManager.HeapSize=0x200
ProjectManager.KeepUserCode=true
ProjectManager.LastFirmware=true
ProjectManager.LibraryCopy=1
ProjectManager.MainLocation=Core/Src
ProjectManager.NoMain=false
ProjectManager.PreviousToolchain=
ProjectManager.ProjectBuild=false
ProjectManager.ProjectFileName=F103RCT6_WF_MBUS.ioc
ProjectManager.ProjectName=F103RCT6_WF_MBUS
ProjectManager.RegisterCallBack=
ProjectManager.StackSize=0x400
ProjectManager.TargetToolchain=STM32CubeIDE
ProjectManager.ToolChainLocation=
ProjectManager.UnderRoot=true
ProjectManager.functionlistsort=1-MX_GPIO_Init-GPIO-false-HAL-true,2-MX_DMA_Init-DMA-false-HAL-true,3-SystemClock_Config-RCC-false-HAL-false,4-MX_ADC1_Init-ADC1-false-HAL-true,5-MX_RTC_Init-RTC-false-HAL-true,6-MX_DAC_Init-DAC-false-HAL-true,7-MX_TIM6_Init-TIM6-false-HAL-true,8-MX_UART4_Init-UART4-false-HAL-true,9-MX_TIM2_Init-TIM2-false-HAL-true,10-MX_UART5_Init-UART5-false-HAL-true,11-MX_I2C1_Init-I2C1-false-HAL-true,12-MX_SPI2_Init-SPI2-false-HAL-true
RCC.ADCFreqValue=12000000
RCC.ADCPresc=RCC_ADCPCLK2_DIV6
RCC.AHBFreq_Value=72000000
RCC.APB1CLKDivider=RCC_HCLK_DIV2
RCC.APB1Freq_Value=36000000
RCC.APB1TimFreq_Value=72000000
RCC.APB2Freq_Value=72000000
RCC.APB2TimFreq_Value=72000000
RCC.EnbaleCSS=true
RCC.FCLKCortexFreq_Value=72000000
RCC.FamilyName=M
RCC.HCLKFreq_Value=72000000
RCC.I2S2Freq_Value=72000000
RCC.I2S3Freq_Value=72000000
RCC.IPParameters=ADCFreqValue,ADCPresc,AHBFreq_Value,APB1CLKDivider,APB1Freq_Value,APB1TimFreq_Value,APB2Freq_Value,APB2TimFreq_Value,EnbaleCSS,FCLKCortexFreq_Value,FamilyName,HCLKFreq_Value,I2S2Freq_Value,I2S3Freq_Value,MCOFreq_Value,PLLCLKFreq_Value,PLLMCOFreq_Value,PLLMUL,PLLSourceVirtual,RTCFreq_Value,SDIOFreq_Value,SDIOHCLKDiv2FreqValue,SYSCLKFreq_VALUE,SYSCLKSource,TimSysFreq_Value,USBFreq_Value,VCOOutput2Freq_Value
RCC.MCOFreq_Value=72000000
RCC.PLLCLKFreq_Value=72000000
RCC.PLLMCOFreq_Value=36000000
RCC.PLLMUL=RCC_PLL_MUL9
RCC.PLLSourceVirtual=RCC_PLLSOURCE_HSE
RCC.RTCFreq_Value=40000
RCC.SDIOFreq_Value=72000000
RCC.SDIOHCLKDiv2FreqValue=36000000
RCC.SYSCLKFreq_VALUE=72000000
RCC.SYSCLKSource=RCC_SYSCLKSOURCE_PLLCLK
RCC.TimSysFreq_Value=72000000
RCC.USBFreq_Value=72000000
RCC.VCOOutput2Freq_Value=8000000
RTC.Date=25
RTC.Hours=19
RTC.IPParameters=Hours,Minutes,Seconds,Date,Month,WeekDay
RTC.Minutes=30
RTC.Month=RTC_MONTH_MARCH
RTC.Seconds=31
RTC.WeekDay=RTC_WEEKDAY_THURSDAY
SH.ADCx_IN0.0=ADC1_IN0,IN0
SH.ADCx_IN0.ConfNb=1
SH.ADCx_IN1.0=ADC1_IN1,IN1
SH.ADCx_IN1.ConfNb=1
SH.COMP_DAC1_group.0=DAC_OUT1,DAC_OUT1
SH.COMP_DAC1_group.ConfNb=1
SH.COMP_DAC2_group.0=DAC_OUT2,DAC_OUT2
SH.COMP_DAC2_group.ConfNb=1
SPI2.BaudRatePrescaler=SPI_BAUDRATEPRESCALER_4
SPI2.CLKPhase=SPI_PHASE_1EDGE
SPI2.CalculateBaudRate=9.0 MBits/s
SPI2.Direction=SPI_DIRECTION_2LINES
SPI2.IPParameters=VirtualType,Mode,Direction,CalculateBaudRate,BaudRatePrescaler,CLKPhase
SPI2.Mode=SPI_MODE_MASTER
SPI2.VirtualType=VM_MASTER
TIM2.AutoReloadPreload=TIM_AUTORELOAD_PRELOAD_ENABLE
TIM2.Channel-Output\ Compare1\ No\ Output=TIM_CHANNEL_1
TIM2.IPParameters=Prescaler,Period,AutoReloadPreload,Channel-Output Compare1 No Output,OCMode_1
TIM2.OCMode_1=TIM_OCMODE_INACTIVE
TIM2.Period=90
TIM2.Prescaler=72
TIM6.IPParameters=Prescaler,TIM_MasterOutputTrigger,Period
TIM6.Period=10000-1
TIM6.Prescaler=7200-1
TIM6.TIM_MasterOutputTrigger=TIM_TRGO_UPDATE
UART4.IPParameters=VirtualMode
UART4.VirtualMode=Asynchronous
UART5.IPParameters=VirtualMode
UART5.VirtualMode=Asynchronous
VP_ADC1_TempSens_Input.Mode=IN-TempSens
VP_ADC1_TempSens_Input.Signal=ADC1_TempSens_Input
VP_ADC1_Vref_Input.Mode=IN-Vrefint
VP_ADC1_Vref_Input.Signal=ADC1_Vref_Input
VP_RTC_VS_RTC_Activate.Mode=RTC_Enabled
VP_RTC_VS_RTC_Activate.Signal=RTC_VS_RTC_Activate
VP_RTC_VS_RTC_Calendar.Mode=RTC_Calendar
VP_RTC_VS_RTC_Calendar.Signal=RTC_VS_RTC_Calendar
VP_SYS_VS_Systick.Mode=SysTick
VP_SYS_VS_Systick.Signal=SYS_VS_Systick
VP_TIM2_VS_ClockSourceINT.Mode=Internal
VP_TIM2_VS_ClockSourceINT.Signal=TIM2_VS_ClockSourceINT
VP_TIM2_VS_OPM.Mode=OPM_bit
VP_TIM2_VS_OPM.Signal=TIM2_VS_OPM
VP_TIM2_VS_no_output1.Mode=Output Compare1 No Output
VP_TIM2_VS_no_output1.Signal=TIM2_VS_no_output1
VP_TIM6_VS_ClockSourceINT.Mode=Enable_Timer
VP_TIM6_VS_ClockSourceINT.Signal=TIM6_VS_ClockSourceINT
board=custom
isbadioc=false
